
Microsoft Visual Studio Solution File, Format Version 12.00
# Visual Studio Version 17
VisualStudioVersion = 17.8.34330.188
MinimumVisualStudioVersion = 10.0.40219.1
Project("{FAE04EC0-301F-11D3-BF4B-00C04F79EFBC}") = "Proyecto8", "Proyecto8.csproj", "{AB81FCD7-D552-421F-ACE9-4B454E22CB2F}"
EndProject
Global
	GlobalSection(SolutionConfigurationPlatforms) = preSolution
		Debug|Any CPU = Debug|Any CPU
		Release|Any CPU = Release|Any CPU
	EndGlobalSection
	GlobalSection(ProjectConfigurationPlatforms) = postSolution
		{AB81FCD7-D552-421F-ACE9-4B454E22CB2F}.Debug|Any CPU.ActiveCfg = Debug|Any CPU
		{AB81FCD7-D552-421F-ACE9-4B454E22CB2F}.Debug|Any CPU.Build.0 = Debug|Any CPU
		{AB81FCD7-D552-421F-ACE9-4B454E22CB2F}.Debug|Any CPU.Deploy.0 = Debug|Any CPU
		{AB81FCD7-D552-421F-ACE9-4B454E22CB2F}.Release|Any CPU.ActiveCfg = Release|Any CPU
		{AB81FCD7-D552-421F-ACE9-4B454E22CB2F}.Release|Any CPU.Build.0 = Release|Any CPU
		{AB81FCD7-D552-421F-ACE9-4B454E22CB2F}.Release|Any CPU.Deploy.0 = Release|Any CPU
	EndGlobalSection
	GlobalSection(SolutionProperties) = preSolution
		HideSolutionNode = FALSE
	EndGlobalSection
	GlobalSection(ExtensibilityGlobals) = postSolution
		SolutionGuid = {0A70B93C-214D-4CC1-8434-BA3D7C7D18CD}
	EndGlobalSection
EndGlobal
